{
  "nodes": {
    "brew-src": {
      "flake": false,
      "locked": {
        "lastModified": 1756059815,
        "narHash": "sha256-UALOxoXoFIHbwKzcqbqCAqw5cC0MJEehLaWSet5vxfE=",
        "owner": "Homebrew",
        "repo": "brew",
        "rev": "02947ea4edbdef5fcce9ee57fa289547f4d096c9",
        "type": "github"
      },
      "original": {
        "owner": "Homebrew",
        "ref": "4.6.7",
        "repo": "brew",
        "type": "github"
      }
    },
    "darwin": {
      "inputs": {
        "nixpkgs": [
          "nixpkgs"
        ]
      },
      "locked": {
        "lastModified": 1758447883,
        "narHash": "sha256-yGA6MV0E4JSEXqLTb4ZZkmdJZcoQ8HUzihRRX12Bvpg=",
        "owner": "nix-darwin",
        "repo": "nix-darwin",
        "rev": "25381509d5c91bbf3c30e23abc6d8476d2143cd1",
        "type": "github"
      },
      "original": {
        "owner": "nix-darwin",
        "repo": "nix-darwin",
        "type": "github"
      }
    },
    "disko": {
      "inputs": {
        "nixpkgs": [
          "nixpkgs"
        ]
      },
      "locked": {
        "lastModified": 1758287904,
        "narHash": "sha256-IGmaEf3Do8o5Cwp1kXBN1wQmZwQN3NLfq5t4nHtVtcU=",
        "owner": "nix-community",
        "repo": "disko",
        "rev": "67ff9807dd148e704baadbd4fd783b54282ca627",
        "type": "github"
      },
      "original": {
        "owner": "nix-community",
        "repo": "disko",
        "type": "github"
      }
    },
    "emacs-config": {
      "flake": false,
      "locked": {
        "lastModified": 1758135140,
        "narHash": "sha256-ghJwBloftdiB6yW2fQGC+jM34eH22/Vfig0vXjFzL/g=",
        "owner": "aksel-os",
        "repo": ".emacs.d",
        "rev": "6f6e4df430c5eedab72101d6715b7ba30ebd44cf",
        "type": "github"
      },
      "original": {
        "owner": "aksel-os",
        "repo": ".emacs.d",
        "type": "github"
      }
    },
    "emacs-overlay": {
      "inputs": {
        "nixpkgs": "nixpkgs",
        "nixpkgs-stable": "nixpkgs-stable"
      },
      "locked": {
        "lastModified": 1758533074,
        "narHash": "sha256-uIcmXr21ZtInKGfMQBRhyUxcT7dfGam1MTLyrumwFWg=",
        "owner": "nix-community",
        "repo": "emacs-overlay",
        "rev": "633b25a08a0fd1b931a12dc185240443946e06df",
        "type": "github"
      },
      "original": {
        "owner": "nix-community",
        "repo": "emacs-overlay",
        "type": "github"
      }
    },
    "emacs-plus": {
      "flake": false,
      "locked": {
        "lastModified": 1756021711,
        "narHash": "sha256-Ew69BHwupkdHyECC7EHyG0YKzBhBEyZbmoD84leUhfw=",
        "owner": "d12frosted",
        "repo": "homebrew-emacs-plus",
        "rev": "15a9e55c28347ace5bc4d1cbd954e8594bc67dd9",
        "type": "github"
      },
      "original": {
        "owner": "d12frosted",
        "repo": "homebrew-emacs-plus",
        "type": "github"
      }
    },
    "flake-parts": {
      "inputs": {
        "nixpkgs-lib": [
          "nixpkgs"
        ]
      },
      "locked": {
        "lastModified": 1756770412,
        "narHash": "sha256-+uWLQZccFHwqpGqr2Yt5VsW/PbeJVTn9Dk6SHWhNRPw=",
        "owner": "hercules-ci",
        "repo": "flake-parts",
        "rev": "4524271976b625a4a605beefd893f270620fd751",
        "type": "github"
      },
      "original": {
        "owner": "hercules-ci",
        "repo": "flake-parts",
        "type": "github"
      }
    },
    "home-manager": {
      "inputs": {
        "nixpkgs": [
          "nixpkgs"
        ]
      },
      "locked": {
        "lastModified": 1758545873,
        "narHash": "sha256-0VP5cVd6DyibHNPC/IJ5Ut+KuNYUeKmr5ltzf+IcpjA=",
        "owner": "nix-community",
        "repo": "home-manager",
        "rev": "de5369834ff1f75246c46be89ef993392e961c26",
        "type": "github"
      },
      "original": {
        "owner": "nix-community",
        "repo": "home-manager",
        "type": "github"
      }
    },
    "home-manager_2": {
      "inputs": {
        "nixpkgs": [
          "zen-browser",
          "nixpkgs"
        ]
      },
      "locked": {
        "lastModified": 1752603129,
        "narHash": "sha256-S+wmHhwNQ5Ru689L2Gu8n1OD6s9eU9n9mD827JNR+kw=",
        "owner": "nix-community",
        "repo": "home-manager",
        "rev": "e8c19a3cec2814c754f031ab3ae7316b64da085b",
        "type": "github"
      },
      "original": {
        "owner": "nix-community",
        "repo": "home-manager",
        "type": "github"
      }
    },
    "homebrew": {
      "inputs": {
        "brew-src": "brew-src"
      },
      "locked": {
        "lastModified": 1756398546,
        "narHash": "sha256-n4GVDLhKu65XFraJuCzap2AaZji4xhPaZMTJ8aQdD3s=",
        "owner": "zhaofengli",
        "repo": "nix-homebrew",
        "rev": "3aa475996cb3bc1ecefa88c99c466e6f0bc17431",
        "type": "github"
      },
      "original": {
        "owner": "zhaofengli",
        "repo": "nix-homebrew",
        "type": "github"
      }
    },
    "nixpkgs": {
      "locked": {
        "lastModified": 1758277210,
        "narHash": "sha256-iCGWf/LTy+aY0zFu8q12lK8KuZp7yvdhStehhyX1v8w=",
        "owner": "NixOS",
        "repo": "nixpkgs",
        "rev": "8eaee110344796db060382e15d3af0a9fc396e0e",
        "type": "github"
      },
      "original": {
        "owner": "NixOS",
        "ref": "nixos-unstable",
        "repo": "nixpkgs",
        "type": "github"
      }
    },
    "nixpkgs-stable": {
      "locked": {
        "lastModified": 1751274312,
        "narHash": "sha256-/bVBlRpECLVzjV19t5KMdMFWSwKLtb5RyXdjz3LJT+g=",
        "owner": "NixOS",
        "repo": "nixpkgs",
        "rev": "50ab793786d9de88ee30ec4e4c24fb4236fc2674",
        "type": "github"
      },
      "original": {
        "owner": "NixOS",
        "ref": "nixos-24.11",
        "repo": "nixpkgs",
        "type": "github"
      }
    },
    "nixpkgs_2": {
      "locked": {
        "lastModified": 1758446476,
        "narHash": "sha256-5rdAi7CTvM/kSs6fHe1bREIva5W3TbImsto+dxG4mBo=",
        "owner": "NixOS",
        "repo": "nixpkgs",
        "rev": "a1f79a1770d05af18111fbbe2a3ab2c42c0f6cd0",
        "type": "github"
      },
      "original": {
        "owner": "NixOS",
        "ref": "nixpkgs-unstable",
        "repo": "nixpkgs",
        "type": "github"
      }
    },
    "root": {
      "inputs": {
        "darwin": "darwin",
        "disko": "disko",
        "emacs-config": "emacs-config",
        "emacs-overlay": "emacs-overlay",
        "emacs-plus": "emacs-plus",
        "flake-parts": "flake-parts",
        "home-manager": "home-manager",
        "homebrew": "homebrew",
        "nixpkgs": "nixpkgs_2",
        "secrets": "secrets",
        "sops-nix": "sops-nix",
        "systems": "systems",
        "zen-browser": "zen-browser"
      }
    },
    "secrets": {
      "flake": false,
      "locked": {
        "lastModified": 1758189816,
        "narHash": "sha256-bd0hq3oykO5uqDyb1fum9O7JqOpVaO1PNticXDLV7us=",
        "ref": "refs/heads/main",
        "rev": "d6dea72cd9b96b0932d7dd4d05e1e46245b16199",
        "shallow": true,
        "type": "git",
        "url": "ssh://git@github.com/aksel-os/.secrets.git"
      },
      "original": {
        "shallow": true,
        "type": "git",
        "url": "ssh://git@github.com/aksel-os/.secrets.git"
      }
    },
    "sops-nix": {
      "inputs": {
        "nixpkgs": [
          "nixpkgs"
        ]
      },
      "locked": {
        "lastModified": 1758425756,
        "narHash": "sha256-L3N8zV6wsViXiD8i3WFyrvjDdz76g3tXKEdZ4FkgQ+Y=",
        "owner": "Mic92",
        "repo": "sops-nix",
        "rev": "e0fdaea3c31646e252a60b42d0ed8eafdb289762",
        "type": "github"
      },
      "original": {
        "owner": "Mic92",
        "repo": "sops-nix",
        "type": "github"
      }
    },
    "systems": {
      "locked": {
        "lastModified": 1681028828,
        "narHash": "sha256-Vy1rq5AaRuLzOxct8nz4T6wlgyUR7zLU309k9mBC768=",
        "owner": "nix-systems",
        "repo": "default",
        "rev": "da67096a3b9bf56a91d16901293e51ba5b49a27e",
        "type": "github"
      },
      "original": {
        "owner": "nix-systems",
        "repo": "default",
        "type": "github"
      }
    },
    "zen-browser": {
      "inputs": {
        "home-manager": "home-manager_2",
        "nixpkgs": [
          "nixpkgs"
        ]
      },
      "locked": {
        "lastModified": 1758514988,
        "narHash": "sha256-+IrsAEI5dFkRRbLH4nkUKYVzlXFlIbjRj+B0FaLZnFM=",
        "owner": "0xc000022070",
        "repo": "zen-browser-flake",
        "rev": "d275fe1617f18550e6a474a1a6a65e41ab61e007",
        "type": "github"
      },
      "original": {
        "owner": "0xc000022070",
        "repo": "zen-browser-flake",
        "type": "github"
      }
    }
  },
  "root": "root",
  "version": 7
}
