{
  "nodes": {
    "brew-src": {
      "flake": false,
      "locked": {
        "lastModified": 1763638478,
        "narHash": "sha256-n/IMowE9S23ovmTkKX7KhxXC2Yq41EAVFR2FBIXPcT8=",
        "owner": "Homebrew",
        "repo": "brew",
        "rev": "fbfdbaba008189499958a7aeb1e2c36ab10c067d",
        "type": "github"
      },
      "original": {
        "owner": "Homebrew",
        "ref": "5.0.3",
        "repo": "brew",
        "type": "github"
      }
    },
    "darwin": {
      "inputs": {
        "nixpkgs": [
          "nixpkgs"
        ]
      },
      "locked": {
        "lastModified": 1765065051,
        "narHash": "sha256-b7W9WsvyMOkUScNxbzS45KEJp0iiqRPyJ1I3JBE+oEE=",
        "owner": "nix-darwin",
        "repo": "nix-darwin",
        "rev": "7e22bf538aa3e0937effcb1cee73d5f1bcc26f79",
        "type": "github"
      },
      "original": {
        "owner": "nix-darwin",
        "repo": "nix-darwin",
        "type": "github"
      }
    },
    "disko": {
      "inputs": {
        "nixpkgs": [
          "nixpkgs"
        ]
      },
      "locked": {
        "lastModified": 1764627417,
        "narHash": "sha256-D6xc3Rl8Ab6wucJWdvjNsGYGSxNjQHzRc2EZ6eeQ6l4=",
        "owner": "nix-community",
        "repo": "disko",
        "rev": "5a88a6eceb8fd732b983e72b732f6f4b8269bef3",
        "type": "github"
      },
      "original": {
        "owner": "nix-community",
        "repo": "disko",
        "type": "github"
      }
    },
    "emacs-config": {
      "flake": false,
      "locked": {
        "lastModified": 1762287775,
        "narHash": "sha256-DBqHDrA36+kXjeyL+Hq50ssrQq7Ur4jEkCdq+hh8CDk=",
        "owner": "aksel-os",
        "repo": ".emacs.d",
        "rev": "0218492cf7680e3c41e1eb9c7688a87bbd708c40",
        "type": "github"
      },
      "original": {
        "owner": "aksel-os",
        "repo": ".emacs.d",
        "type": "github"
      }
    },
    "emacs-overlay": {
      "inputs": {
        "nixpkgs": "nixpkgs",
        "nixpkgs-stable": "nixpkgs-stable"
      },
      "locked": {
        "lastModified": 1765157428,
        "narHash": "sha256-Us2QfsTAfObFrCaq/Bsm2DVH0O3OqDGKSc7xM9j+UkY=",
        "owner": "nix-community",
        "repo": "emacs-overlay",
        "rev": "177c3ecbb0539bbb6241781bf006150027445f0c",
        "type": "github"
      },
      "original": {
        "owner": "nix-community",
        "repo": "emacs-overlay",
        "type": "github"
      }
    },
    "emacs-plus": {
      "flake": false,
      "locked": {
        "lastModified": 1764008099,
        "narHash": "sha256-8Mg5Su0WJGJ9hKqpr0r53iKuh6DHRuvfQqD0V4IN2Ck=",
        "owner": "d12frosted",
        "repo": "homebrew-emacs-plus",
        "rev": "8c811e9931a213d78baa8e443244d31b7c8771c3",
        "type": "github"
      },
      "original": {
        "owner": "d12frosted",
        "repo": "homebrew-emacs-plus",
        "type": "github"
      }
    },
    "flake-parts": {
      "inputs": {
        "nixpkgs-lib": [
          "nixpkgs"
        ]
      },
      "locked": {
        "lastModified": 1763759067,
        "narHash": "sha256-LlLt2Jo/gMNYAwOgdRQBrsRoOz7BPRkzvNaI/fzXi2Q=",
        "owner": "hercules-ci",
        "repo": "flake-parts",
        "rev": "2cccadc7357c0ba201788ae99c4dfa90728ef5e0",
        "type": "github"
      },
      "original": {
        "owner": "hercules-ci",
        "repo": "flake-parts",
        "type": "github"
      }
    },
    "flake-parts_2": {
      "inputs": {
        "nixpkgs-lib": [
          "neovim-overlay",
          "nixpkgs"
        ]
      },
      "locked": {
        "lastModified": 1763759067,
        "narHash": "sha256-LlLt2Jo/gMNYAwOgdRQBrsRoOz7BPRkzvNaI/fzXi2Q=",
        "owner": "hercules-ci",
        "repo": "flake-parts",
        "rev": "2cccadc7357c0ba201788ae99c4dfa90728ef5e0",
        "type": "github"
      },
      "original": {
        "owner": "hercules-ci",
        "repo": "flake-parts",
        "type": "github"
      }
    },
    "flake-parts_3": {
      "inputs": {
        "nixpkgs-lib": [
          "nixvim",
          "nixpkgs"
        ]
      },
      "locked": {
        "lastModified": 1763759067,
        "narHash": "sha256-LlLt2Jo/gMNYAwOgdRQBrsRoOz7BPRkzvNaI/fzXi2Q=",
        "owner": "hercules-ci",
        "repo": "flake-parts",
        "rev": "2cccadc7357c0ba201788ae99c4dfa90728ef5e0",
        "type": "github"
      },
      "original": {
        "owner": "hercules-ci",
        "repo": "flake-parts",
        "type": "github"
      }
    },
    "home-manager": {
      "inputs": {
        "nixpkgs": [
          "nixpkgs"
        ]
      },
      "locked": {
        "lastModified": 1765172714,
        "narHash": "sha256-/cjofqGxSWpRj2XJM+Bd5VUgWDkBWSxxO//HE+zOHMY=",
        "owner": "nix-community",
        "repo": "home-manager",
        "rev": "a7887340779d5e70ef68012f3823568ee59eaa30",
        "type": "github"
      },
      "original": {
        "owner": "nix-community",
        "repo": "home-manager",
        "type": "github"
      }
    },
    "home-manager_2": {
      "inputs": {
        "nixpkgs": [
          "zen-browser",
          "nixpkgs"
        ]
      },
      "locked": {
        "lastModified": 1762964643,
        "narHash": "sha256-RYHN8O/Aja59XDji6WSJZPkJpYVUfpSkyH+PEupBJqM=",
        "owner": "nix-community",
        "repo": "home-manager",
        "rev": "827f2a23373a774a8805f84ca5344654c31f354b",
        "type": "github"
      },
      "original": {
        "owner": "nix-community",
        "repo": "home-manager",
        "type": "github"
      }
    },
    "homebrew": {
      "inputs": {
        "brew-src": "brew-src"
      },
      "locked": {
        "lastModified": 1764473698,
        "narHash": "sha256-C91gPgv6udN5WuIZWNehp8qdLqlrzX6iF/YyboOj6XI=",
        "owner": "zhaofengli",
        "repo": "nix-homebrew",
        "rev": "6a8ab60bfd66154feeaa1021fc3b32684814a62a",
        "type": "github"
      },
      "original": {
        "owner": "zhaofengli",
        "repo": "nix-homebrew",
        "type": "github"
      }
    },
    "homebrew-cask": {
      "flake": false,
      "locked": {
        "lastModified": 1765194334,
        "narHash": "sha256-s93j1ri3HLO6ma1J+mGbSoiqzWkg30v+/c6ZMyjmsh4=",
        "owner": "homebrew",
        "repo": "homebrew-cask",
        "rev": "03115dffb3652f0268f28bc776cf9ea88ca5a395",
        "type": "github"
      },
      "original": {
        "owner": "homebrew",
        "repo": "homebrew-cask",
        "type": "github"
      }
    },
    "homebrew-core": {
      "flake": false,
      "locked": {
        "lastModified": 1765195540,
        "narHash": "sha256-IzFiNBTwWy4rdN+RXeSL9b9gkIgPHp3sz//pfa64zCA=",
        "owner": "homebrew",
        "repo": "homebrew-core",
        "rev": "a2e82f3e35720fe4e93740515b81ef20521734bd",
        "type": "github"
      },
      "original": {
        "owner": "homebrew",
        "repo": "homebrew-core",
        "type": "github"
      }
    },
    "neovim-overlay": {
      "inputs": {
        "flake-parts": "flake-parts_2",
        "neovim-src": "neovim-src",
        "nixpkgs": "nixpkgs_2"
      },
      "locked": {
        "lastModified": 1765152310,
        "narHash": "sha256-uJD1VGkailVaIgljInof9xphRo6LeCFmLLBrXa16Sf8=",
        "owner": "nix-community",
        "repo": "neovim-nightly-overlay",
        "rev": "8631ec2f011d93a7ee31297cb0154de7893ef3a9",
        "type": "github"
      },
      "original": {
        "owner": "nix-community",
        "repo": "neovim-nightly-overlay",
        "type": "github"
      }
    },
    "neovim-src": {
      "flake": false,
      "locked": {
        "lastModified": 1765138411,
        "narHash": "sha256-pyxO9Gpts9tEwfcSFrVLL0gQy3MtIfify5PJHDCwAo8=",
        "owner": "neovim",
        "repo": "neovim",
        "rev": "551bb63d449f85f89dee8ee7f842274d4566fcc9",
        "type": "github"
      },
      "original": {
        "owner": "neovim",
        "repo": "neovim",
        "type": "github"
      }
    },
    "nixpkgs": {
      "locked": {
        "lastModified": 1764950072,
        "narHash": "sha256-BmPWzogsG2GsXZtlT+MTcAWeDK5hkbGRZTeZNW42fwA=",
        "owner": "NixOS",
        "repo": "nixpkgs",
        "rev": "f61125a668a320878494449750330ca58b78c557",
        "type": "github"
      },
      "original": {
        "owner": "NixOS",
        "ref": "nixos-unstable",
        "repo": "nixpkgs",
        "type": "github"
      }
    },
    "nixpkgs-stable": {
      "locked": {
        "lastModified": 1764939437,
        "narHash": "sha256-4TLFHUwXraw9Df5mXC/vCrJgb50CRr3CzUzF0Mn3CII=",
        "owner": "NixOS",
        "repo": "nixpkgs",
        "rev": "00d2457e2f608b4be6fe8b470b0a36816324b0ae",
        "type": "github"
      },
      "original": {
        "owner": "NixOS",
        "ref": "nixos-25.05",
        "repo": "nixpkgs",
        "type": "github"
      }
    },
    "nixpkgs_2": {
      "locked": {
        "lastModified": 1764947035,
        "narHash": "sha256-EYHSjVM4Ox4lvCXUMiKKs2vETUSL5mx+J2FfutM7T9w=",
        "owner": "NixOS",
        "repo": "nixpkgs",
        "rev": "a672be65651c80d3f592a89b3945466584a22069",
        "type": "github"
      },
      "original": {
        "owner": "NixOS",
        "ref": "nixpkgs-unstable",
        "repo": "nixpkgs",
        "type": "github"
      }
    },
    "nixpkgs_3": {
      "locked": {
        "lastModified": 1764947035,
        "narHash": "sha256-EYHSjVM4Ox4lvCXUMiKKs2vETUSL5mx+J2FfutM7T9w=",
        "owner": "NixOS",
        "repo": "nixpkgs",
        "rev": "a672be65651c80d3f592a89b3945466584a22069",
        "type": "github"
      },
      "original": {
        "owner": "NixOS",
        "ref": "nixpkgs-unstable",
        "repo": "nixpkgs",
        "type": "github"
      }
    },
    "nixpkgs_4": {
      "locked": {
        "lastModified": 1764947035,
        "narHash": "sha256-EYHSjVM4Ox4lvCXUMiKKs2vETUSL5mx+J2FfutM7T9w=",
        "owner": "NixOS",
        "repo": "nixpkgs",
        "rev": "a672be65651c80d3f592a89b3945466584a22069",
        "type": "github"
      },
      "original": {
        "owner": "NixOS",
        "ref": "nixpkgs-unstable",
        "repo": "nixpkgs",
        "type": "github"
      }
    },
    "nixpkgs_5": {
      "locked": {
        "lastModified": 1762111121,
        "narHash": "sha256-4vhDuZ7OZaZmKKrnDpxLZZpGIJvAeMtK6FKLJYUtAdw=",
        "owner": "NixOS",
        "repo": "nixpkgs",
        "rev": "b3d51a0365f6695e7dd5cdf3e180604530ed33b4",
        "type": "github"
      },
      "original": {
        "owner": "NixOS",
        "ref": "nixos-unstable",
        "repo": "nixpkgs",
        "type": "github"
      }
    },
    "nixvim": {
      "inputs": {
        "flake-parts": "flake-parts_3",
        "nixpkgs": "nixpkgs_4",
        "systems": "systems"
      },
      "locked": {
        "lastModified": 1765150443,
        "narHash": "sha256-GD6nEEVPdbMSo+8BKfZ0nK8n+Zzs95tipPLCSB0IXQA=",
        "owner": "nix-community",
        "repo": "nixvim",
        "rev": "451b1806a6da6b69f01c7fc98d751bcad8fdbf28",
        "type": "github"
      },
      "original": {
        "owner": "nix-community",
        "repo": "nixvim",
        "type": "github"
      }
    },
    "root": {
      "inputs": {
        "darwin": "darwin",
        "disko": "disko",
        "emacs-config": "emacs-config",
        "emacs-overlay": "emacs-overlay",
        "emacs-plus": "emacs-plus",
        "flake-parts": "flake-parts",
        "home-manager": "home-manager",
        "homebrew": "homebrew",
        "homebrew-cask": "homebrew-cask",
        "homebrew-core": "homebrew-core",
        "neovim-overlay": "neovim-overlay",
        "nixpkgs": "nixpkgs_3",
        "nixvim": "nixvim",
        "secrets": "secrets",
        "sops-nix": "sops-nix",
        "spicetify": "spicetify",
        "systems": "systems_3",
        "vicinae": "vicinae",
        "zen-browser": "zen-browser"
      }
    },
    "secrets": {
      "flake": false,
      "locked": {
        "lastModified": 1758742007,
        "narHash": "sha256-ujeSci4tJ2vVjW2i4KIYr8OWEnNy8ZtrfMvKgC8hKog=",
        "ref": "refs/heads/main",
        "rev": "a5c608961dfb3c4b5c1dd2724c6e36781111bded",
        "shallow": true,
        "type": "git",
        "url": "ssh://git@github.com/aksel-os/.secrets.git"
      },
      "original": {
        "shallow": true,
        "type": "git",
        "url": "ssh://git@github.com/aksel-os/.secrets.git"
      }
    },
    "sops-nix": {
      "inputs": {
        "nixpkgs": [
          "nixpkgs"
        ]
      },
      "locked": {
        "lastModified": 1765079830,
        "narHash": "sha256-i9GMbBLkeZ7MVvy7+aAuErXkBkdRylHofrAjtpUPKt8=",
        "owner": "Mic92",
        "repo": "sops-nix",
        "rev": "aeb517262102f13683d7a191c7e496b34df8d24c",
        "type": "github"
      },
      "original": {
        "owner": "Mic92",
        "repo": "sops-nix",
        "type": "github"
      }
    },
    "spicetify": {
      "inputs": {
        "nixpkgs": [
          "nixpkgs"
        ],
        "systems": "systems_2"
      },
      "locked": {
        "lastModified": 1765082296,
        "narHash": "sha256-EcefoixU9ht+P6QB/TfjLY9E3MdJVfeSec6G8Ges0pA=",
        "owner": "Gerg-L",
        "repo": "spicetify-nix",
        "rev": "ac4927ea1ec7e7ea3635a1d8b933106a596c4356",
        "type": "github"
      },
      "original": {
        "owner": "Gerg-L",
        "repo": "spicetify-nix",
        "type": "github"
      }
    },
    "systems": {
      "locked": {
        "lastModified": 1681028828,
        "narHash": "sha256-Vy1rq5AaRuLzOxct8nz4T6wlgyUR7zLU309k9mBC768=",
        "owner": "nix-systems",
        "repo": "default",
        "rev": "da67096a3b9bf56a91d16901293e51ba5b49a27e",
        "type": "github"
      },
      "original": {
        "owner": "nix-systems",
        "repo": "default",
        "type": "github"
      }
    },
    "systems_2": {
      "locked": {
        "lastModified": 1681028828,
        "narHash": "sha256-Vy1rq5AaRuLzOxct8nz4T6wlgyUR7zLU309k9mBC768=",
        "owner": "nix-systems",
        "repo": "default",
        "rev": "da67096a3b9bf56a91d16901293e51ba5b49a27e",
        "type": "github"
      },
      "original": {
        "owner": "nix-systems",
        "repo": "default",
        "type": "github"
      }
    },
    "systems_3": {
      "locked": {
        "lastModified": 1681028828,
        "narHash": "sha256-Vy1rq5AaRuLzOxct8nz4T6wlgyUR7zLU309k9mBC768=",
        "owner": "nix-systems",
        "repo": "default",
        "rev": "da67096a3b9bf56a91d16901293e51ba5b49a27e",
        "type": "github"
      },
      "original": {
        "owner": "nix-systems",
        "repo": "default",
        "type": "github"
      }
    },
    "systems_4": {
      "locked": {
        "lastModified": 1681028828,
        "narHash": "sha256-Vy1rq5AaRuLzOxct8nz4T6wlgyUR7zLU309k9mBC768=",
        "owner": "nix-systems",
        "repo": "default",
        "rev": "da67096a3b9bf56a91d16901293e51ba5b49a27e",
        "type": "github"
      },
      "original": {
        "owner": "nix-systems",
        "repo": "default",
        "type": "github"
      }
    },
    "vicinae": {
      "inputs": {
        "nixpkgs": "nixpkgs_5",
        "systems": "systems_4"
      },
      "locked": {
        "lastModified": 1765120114,
        "narHash": "sha256-OIpOC69I+2rhIvIU2CmDXsKU4BRCouBGPlKx+IYFqOE=",
        "owner": "vicinaehq",
        "repo": "vicinae",
        "rev": "b7391a02592d512ada397841440457b3dc292502",
        "type": "github"
      },
      "original": {
        "owner": "vicinaehq",
        "repo": "vicinae",
        "type": "github"
      }
    },
    "zen-browser": {
      "inputs": {
        "home-manager": "home-manager_2",
        "nixpkgs": [
          "nixpkgs"
        ]
      },
      "locked": {
        "lastModified": 1765175766,
        "narHash": "sha256-M4zs4bVUv0UNuVGspwwlcGs5FpCDt52LQBA5a9nj5Lg=",
        "owner": "0xc000022070",
        "repo": "zen-browser-flake",
        "rev": "5126a8426773dc213a8c0f0d646aca116194dab6",
        "type": "github"
      },
      "original": {
        "owner": "0xc000022070",
        "repo": "zen-browser-flake",
        "type": "github"
      }
    }
  },
  "root": "root",
  "version": 7
}
